
Microsoft Visual Studio Solution File, Format Version 12.00
# Visual Studio Version 16
VisualStudioVersion = 16.0.31613.86
MinimumVisualStudioVersion = 10.0.40219.1
Project("{FAE04EC0-301F-11D3-BF4B-00C04F79EFBC}") = "minitask300920212", "minitask300920212\minitask300920212.csproj", "{901A402B-5703-41C7-8582-A7F3583DE854}"
EndProject
Global
	GlobalSection(SolutionConfigurationPlatforms) = preSolution
		Debug|Any CPU = Debug|Any CPU
		Release|Any CPU = Release|Any CPU
	EndGlobalSection
	GlobalSection(ProjectConfigurationPlatforms) = postSolution
		{901A402B-5703-41C7-8582-A7F3583DE854}.Debug|Any CPU.ActiveCfg = Debug|Any CPU
		{901A402B-5703-41C7-8582-A7F3583DE854}.Debug|Any CPU.Build.0 = Debug|Any CPU
		{901A402B-5703-41C7-8582-A7F3583DE854}.Release|Any CPU.ActiveCfg = Release|Any CPU
		{901A402B-5703-41C7-8582-A7F3583DE854}.Release|Any CPU.Build.0 = Release|Any CPU
	EndGlobalSection
	GlobalSection(SolutionProperties) = preSolution
		HideSolutionNode = FALSE
	EndGlobalSection
	GlobalSection(ExtensibilityGlobals) = postSolution
		SolutionGuid = {53DE82C1-4413-4070-89CB-5031366AF951}
	EndGlobalSection
EndGlobal
